// !$*UTF8*$!
{
	archiveVersion = 1;
	classes = {
	};
	objectVersion = 50;
	objects = {

/* Begin PBXBuildFile section */
		861D3DBB2354A82000EA0075 /* Category.swift in Sources */ = {isa = PBXBuildFile; fileRef = 861D3DBA2354A82000EA0075 /* Category.swift */; };
		861D3DBD2354A8C400EA0075 /* Data.swift in Sources */ = {isa = PBXBuildFile; fileRef = 861D3DBC2354A8C400EA0075 /* Data.swift */; };
		865FB5B6234DAC2300670BEE /* AppDelegate.swift in Sources */ = {isa = PBXBuildFile; fileRef = 865FB5B5234DAC2300670BEE /* AppDelegate.swift */; };
		865FB5B8234DAC2300670BEE /* SceneDelegate.swift in Sources */ = {isa = PBXBuildFile; fileRef = 865FB5B7234DAC2300670BEE /* SceneDelegate.swift */; };
		865FB5BA234DAC2300670BEE /* ViewController.swift in Sources */ = {isa = PBXBuildFile; fileRef = 865FB5B9234DAC2300670BEE /* ViewController.swift */; };
		865FB5BD234DAC2300670BEE /* Main.storyboard in Resources */ = {isa = PBXBuildFile; fileRef = 865FB5BB234DAC2300670BEE /* Main.storyboard */; };
		865FB5BF234DAC2500670BEE /* Assets.xcassets in Resources */ = {isa = PBXBuildFile; fileRef = 865FB5BE234DAC2500670BEE /* Assets.xcassets */; };
		865FB5C2234DAC2500670BEE /* LaunchScreen.storyboard in Resources */ = {isa = PBXBuildFile; fileRef = 865FB5C0234DAC2500670BEE /* LaunchScreen.storyboard */; };
		86999B382355F1D200E2797C /* HomeCellType.swift in Sources */ = {isa = PBXBuildFile; fileRef = 86999B372355F1D200E2797C /* HomeCellType.swift */; };
		86999B3A2355FC5E00E2797C /* Assured.swift in Sources */ = {isa = PBXBuildFile; fileRef = 86999B392355FC5E00E2797C /* Assured.swift */; };
		86CFBED72355EB11002F3B7C /* AssuredCollectionViewCell.swift in Sources */ = {isa = PBXBuildFile; fileRef = 86CFBED52355EB11002F3B7C /* AssuredCollectionViewCell.swift */; };
		86CFBED82355EB11002F3B7C /* AssuredCollectionViewCell.xib in Resources */ = {isa = PBXBuildFile; fileRef = 86CFBED62355EB11002F3B7C /* AssuredCollectionViewCell.xib */; };
		86D037132359D619009F39EE /* AdsTableViewCell.swift in Sources */ = {isa = PBXBuildFile; fileRef = 86D037112359D619009F39EE /* AdsTableViewCell.swift */; };
		86D037142359D619009F39EE /* AdsTableViewCell.xib in Resources */ = {isa = PBXBuildFile; fileRef = 86D037122359D619009F39EE /* AdsTableViewCell.xib */; };
		86D037182359E2B3009F39EE /* AdsTabCollectionViewCell.swift in Sources */ = {isa = PBXBuildFile; fileRef = 86D037162359E2B3009F39EE /* AdsTabCollectionViewCell.swift */; };
		86D037192359E2B3009F39EE /* AdsTabCollectionViewCell.xib in Resources */ = {isa = PBXBuildFile; fileRef = 86D037172359E2B3009F39EE /* AdsTabCollectionViewCell.xib */; };
		86D0371D2359F8B9009F39EE /* AdsTabPageCollectionViewCell.swift in Sources */ = {isa = PBXBuildFile; fileRef = 86D0371B2359F8B9009F39EE /* AdsTabPageCollectionViewCell.swift */; };
		86D0371E2359F8B9009F39EE /* AdsTabPageCollectionViewCell.xib in Resources */ = {isa = PBXBuildFile; fileRef = 86D0371C2359F8B9009F39EE /* AdsTabPageCollectionViewCell.xib */; };
		86D037202359FA52009F39EE /* AdsTabsType.swift in Sources */ = {isa = PBXBuildFile; fileRef = 86D0371F2359FA52009F39EE /* AdsTabsType.swift */; };
		86F9761C234F6404008E0BE3 /* CategoriesTableViewCell.swift in Sources */ = {isa = PBXBuildFile; fileRef = 86F9761A234F6404008E0BE3 /* CategoriesTableViewCell.swift */; };
		86F9761D234F6404008E0BE3 /* CategoriesTableViewCell.xib in Resources */ = {isa = PBXBuildFile; fileRef = 86F9761B234F6404008E0BE3 /* CategoriesTableViewCell.xib */; };
		86F97620234F64A1008E0BE3 /* CategoryItemCellCollectionViewCell.swift in Sources */ = {isa = PBXBuildFile; fileRef = 86F9761E234F64A1008E0BE3 /* CategoryItemCellCollectionViewCell.swift */; };
		86F97621234F64A1008E0BE3 /* CategoryItemCellCollectionViewCell.xib in Resources */ = {isa = PBXBuildFile; fileRef = 86F9761F234F64A1008E0BE3 /* CategoryItemCellCollectionViewCell.xib */; };
/* End PBXBuildFile section */

/* Begin PBXFileReference section */
		861D3DBA2354A82000EA0075 /* Category.swift */ = {isa = PBXFileReference; lastKnownFileType = sourcecode.swift; path = Category.swift; sourceTree = "<group>"; };
		861D3DBC2354A8C400EA0075 /* Data.swift */ = {isa = PBXFileReference; lastKnownFileType = sourcecode.swift; path = Data.swift; sourceTree = "<group>"; };
		865FB5B2234DAC2300670BEE /* SellIT.app */ = {isa = PBXFileReference; explicitFileType = wrapper.application; includeInIndex = 0; path = SellIT.app; sourceTree = BUILT_PRODUCTS_DIR; };
		865FB5B5234DAC2300670BEE /* AppDelegate.swift */ = {isa = PBXFileReference; lastKnownFileType = sourcecode.swift; path = AppDelegate.swift; sourceTree = "<group>"; };
		865FB5B7234DAC2300670BEE /* SceneDelegate.swift */ = {isa = PBXFileReference; lastKnownFileType = sourcecode.swift; path = SceneDelegate.swift; sourceTree = "<group>"; };
		865FB5B9234DAC2300670BEE /* ViewController.swift */ = {isa = PBXFileReference; lastKnownFileType = sourcecode.swift; path = ViewController.swift; sourceTree = "<group>"; };
		865FB5BC234DAC2300670BEE /* Base */ = {isa = PBXFileReference; lastKnownFileType = file.storyboard; name = Base; path = Base.lproj/Main.storyboard; sourceTree = "<group>"; };
		865FB5BE234DAC2500670BEE /* Assets.xcassets */ = {isa = PBXFileReference; lastKnownFileType = folder.assetcatalog; path = Assets.xcassets; sourceTree = "<group>"; };
		865FB5C1234DAC2500670BEE /* Base */ = {isa = PBXFileReference; lastKnownFileType = file.storyboard; name = Base; path = Base.lproj/LaunchScreen.storyboard; sourceTree = "<group>"; };
		865FB5C3234DAC2500670BEE /* Info.plist */ = {isa = PBXFileReference; lastKnownFileType = text.plist.xml; path = Info.plist; sourceTree = "<group>"; };
		86999B372355F1D200E2797C /* HomeCellType.swift */ = {isa = PBXFileReference; lastKnownFileType = sourcecode.swift; path = HomeCellType.swift; sourceTree = "<group>"; };
		86999B392355FC5E00E2797C /* Assured.swift */ = {isa = PBXFileReference; lastKnownFileType = sourcecode.swift; path = Assured.swift; sourceTree = "<group>"; };
		86CFBED52355EB11002F3B7C /* AssuredCollectionViewCell.swift */ = {isa = PBXFileReference; lastKnownFileType = sourcecode.swift; path = AssuredCollectionViewCell.swift; sourceTree = "<group>"; };
		86CFBED62355EB11002F3B7C /* AssuredCollectionViewCell.xib */ = {isa = PBXFileReference; lastKnownFileType = file.xib; path = AssuredCollectionViewCell.xib; sourceTree = "<group>"; };
		86D037112359D619009F39EE /* AdsTableViewCell.swift */ = {isa = PBXFileReference; lastKnownFileType = sourcecode.swift; path = AdsTableViewCell.swift; sourceTree = "<group>"; };
		86D037122359D619009F39EE /* AdsTableViewCell.xib */ = {isa = PBXFileReference; lastKnownFileType = file.xib; path = AdsTableViewCell.xib; sourceTree = "<group>"; };
		86D037162359E2B3009F39EE /* AdsTabCollectionViewCell.swift */ = {isa = PBXFileReference; lastKnownFileType = sourcecode.swift; path = AdsTabCollectionViewCell.swift; sourceTree = "<group>"; };
		86D037172359E2B3009F39EE /* AdsTabCollectionViewCell.xib */ = {isa = PBXFileReference; lastKnownFileType = file.xib; path = AdsTabCollectionViewCell.xib; sourceTree = "<group>"; };
		86D0371B2359F8B9009F39EE /* AdsTabPageCollectionViewCell.swift */ = {isa = PBXFileReference; lastKnownFileType = sourcecode.swift; path = AdsTabPageCollectionViewCell.swift; sourceTree = "<group>"; };
		86D0371C2359F8B9009F39EE /* AdsTabPageCollectionViewCell.xib */ = {isa = PBXFileReference; lastKnownFileType = file.xib; path = AdsTabPageCollectionViewCell.xib; sourceTree = "<group>"; };
		86D0371F2359FA52009F39EE /* AdsTabsType.swift */ = {isa = PBXFileReference; lastKnownFileType = sourcecode.swift; path = AdsTabsType.swift; sourceTree = "<group>"; };
		86F9761A234F6404008E0BE3 /* CategoriesTableViewCell.swift */ = {isa = PBXFileReference; lastKnownFileType = sourcecode.swift; path = CategoriesTableViewCell.swift; sourceTree = "<group>"; };
		86F9761B234F6404008E0BE3 /* CategoriesTableViewCell.xib */ = {isa = PBXFileReference; lastKnownFileType = file.xib; path = CategoriesTableViewCell.xib; sourceTree = "<group>"; };
		86F9761E234F64A1008E0BE3 /* CategoryItemCellCollectionViewCell.swift */ = {isa = PBXFileReference; lastKnownFileType = sourcecode.swift; path = CategoryItemCellCollectionViewCell.swift; sourceTree = "<group>"; };
		86F9761F234F64A1008E0BE3 /* CategoryItemCellCollectionViewCell.xib */ = {isa = PBXFileReference; lastKnownFileType = file.xib; path = CategoryItemCellCollectionViewCell.xib; sourceTree = "<group>"; };
/* End PBXFileReference section */

/* Begin PBXFrameworksBuildPhase section */
		865FB5AF234DAC2300670BEE /* Frameworks */ = {
			isa = PBXFrameworksBuildPhase;
			buildActionMask = 2147483647;
			files = (
			);
			runOnlyForDeploymentPostprocessing = 0;
		};
/* End PBXFrameworksBuildPhase section */

/* Begin PBXGroup section */
		861D3DB92354A7FC00EA0075 /* Models */ = {
			isa = PBXGroup;
			children = (
				861D3DBA2354A82000EA0075 /* Category.swift */,
				861D3DBC2354A8C400EA0075 /* Data.swift */,
				86999B372355F1D200E2797C /* HomeCellType.swift */,
				86999B392355FC5E00E2797C /* Assured.swift */,
				86D0371F2359FA52009F39EE /* AdsTabsType.swift */,
			);
			path = Models;
			sourceTree = "<group>";
		};
		865FB5A9234DAC2300670BEE = {
			isa = PBXGroup;
			children = (
				865FB5B4234DAC2300670BEE /* SellIT */,
				865FB5B3234DAC2300670BEE /* Products */,
			);
			sourceTree = "<group>";
		};
		865FB5B3234DAC2300670BEE /* Products */ = {
			isa = PBXGroup;
			children = (
				865FB5B2234DAC2300670BEE /* SellIT.app */,
			);
			name = Products;
			sourceTree = "<group>";
		};
		865FB5B4234DAC2300670BEE /* SellIT */ = {
			isa = PBXGroup;
			children = (
				86CFBED12355EA0E002F3B7C /* Home */,
				861D3DB92354A7FC00EA0075 /* Models */,
				865FB5B5234DAC2300670BEE /* AppDelegate.swift */,
				865FB5B7234DAC2300670BEE /* SceneDelegate.swift */,
				865FB5BB234DAC2300670BEE /* Main.storyboard */,
				865FB5BE234DAC2500670BEE /* Assets.xcassets */,
				865FB5C0234DAC2500670BEE /* LaunchScreen.storyboard */,
				865FB5C3234DAC2500670BEE /* Info.plist */,
			);
			path = SellIT;
			sourceTree = "<group>";
		};
		86CFBED12355EA0E002F3B7C /* Home */ = {
			isa = PBXGroup;
			children = (
				86CFBED22355EA42002F3B7C /* CustomCells */,
				865FB5B9234DAC2300670BEE /* ViewController.swift */,
			);
			path = Home;
			sourceTree = "<group>";
		};
		86CFBED22355EA42002F3B7C /* CustomCells */ = {
			isa = PBXGroup;
			children = (
				86D0371A2359F87C009F39EE /* AdsTabPageCell */,
				86D037152359E218009F39EE /* AdsTabCell */,
				86CFBED42355EAC4002F3B7C /* SellItAssuredCell */,
				86CFBED32355EAAE002F3B7C /* CategoryCell */,
				86F9761A234F6404008E0BE3 /* CategoriesTableViewCell.swift */,
				86F9761B234F6404008E0BE3 /* CategoriesTableViewCell.xib */,
				86D037112359D619009F39EE /* AdsTableViewCell.swift */,
				86D037122359D619009F39EE /* AdsTableViewCell.xib */,
			);
			path = CustomCells;
			sourceTree = "<group>";
		};
		86CFBED32355EAAE002F3B7C /* CategoryCell */ = {
			isa = PBXGroup;
			children = (
				86F9761E234F64A1008E0BE3 /* CategoryItemCellCollectionViewCell.swift */,
				86F9761F234F64A1008E0BE3 /* CategoryItemCellCollectionViewCell.xib */,
			);
			path = CategoryCell;
			sourceTree = "<group>";
		};
		86CFBED42355EAC4002F3B7C /* SellItAssuredCell */ = {
			isa = PBXGroup;
			children = (
				86CFBED52355EB11002F3B7C /* AssuredCollectionViewCell.swift */,
				86CFBED62355EB11002F3B7C /* AssuredCollectionViewCell.xib */,
			);
			path = SellItAssuredCell;
			sourceTree = "<group>";
		};
		86D037152359E218009F39EE /* AdsTabCell */ = {
			isa = PBXGroup;
			children = (
				86D037162359E2B3009F39EE /* AdsTabCollectionViewCell.swift */,
				86D037172359E2B3009F39EE /* AdsTabCollectionViewCell.xib */,
			);
			path = AdsTabCell;
			sourceTree = "<group>";
		};
		86D0371A2359F87C009F39EE /* AdsTabPageCell */ = {
			isa = PBXGroup;
			children = (
				86D0371B2359F8B9009F39EE /* AdsTabPageCollectionViewCell.swift */,
				86D0371C2359F8B9009F39EE /* AdsTabPageCollectionViewCell.xib */,
			);
			path = AdsTabPageCell;
			sourceTree = "<group>";
		};
/* End PBXGroup section */

/* Begin PBXNativeTarget section */
		865FB5B1234DAC2300670BEE /* SellIT */ = {
			isa = PBXNativeTarget;
			buildConfigurationList = 865FB5C6234DAC2500670BEE /* Build configuration list for PBXNativeTarget "SellIT" */;
			buildPhases = (
				865FB5AE234DAC2300670BEE /* Sources */,
				865FB5AF234DAC2300670BEE /* Frameworks */,
				865FB5B0234DAC2300670BEE /* Resources */,
			);
			buildRules = (
			);
			dependencies = (
			);
			name = SellIT;
			productName = SellIT;
			productReference = 865FB5B2234DAC2300670BEE /* SellIT.app */;
			productType = "com.apple.product-type.application";
		};
/* End PBXNativeTarget section */

/* Begin PBXProject section */
		865FB5AA234DAC2300670BEE /* Project object */ = {
			isa = PBXProject;
			attributes = {
				LastSwiftUpdateCheck = 1100;
				LastUpgradeCheck = 1100;
				ORGANIZATIONNAME = MyTeam;
				TargetAttributes = {
					865FB5B1234DAC2300670BEE = {
						CreatedOnToolsVersion = 11.0;
					};
				};
			};
			buildConfigurationList = 865FB5AD234DAC2300670BEE /* Build configuration list for PBXProject "SellIT" */;
			compatibilityVersion = "Xcode 9.3";
			developmentRegion = en;
			hasScannedForEncodings = 0;
			knownRegions = (
				en,
				Base,
			);
			mainGroup = 865FB5A9234DAC2300670BEE;
			productRefGroup = 865FB5B3234DAC2300670BEE /* Products */;
			projectDirPath = "";
			projectRoot = "";
			targets = (
				865FB5B1234DAC2300670BEE /* SellIT */,
			);
		};
/* End PBXProject section */

/* Begin PBXResourcesBuildPhase section */
		865FB5B0234DAC2300670BEE /* Resources */ = {
			isa = PBXResourcesBuildPhase;
			buildActionMask = 2147483647;
			files = (
				865FB5C2234DAC2500670BEE /* LaunchScreen.storyboard in Resources */,
				86F9761D234F6404008E0BE3 /* CategoriesTableViewCell.xib in Resources */,
				865FB5BF234DAC2500670BEE /* Assets.xcassets in Resources */,
				86D0371E2359F8B9009F39EE /* AdsTabPageCollectionViewCell.xib in Resources */,
				86D037192359E2B3009F39EE /* AdsTabCollectionViewCell.xib in Resources */,
				86D037142359D619009F39EE /* AdsTableViewCell.xib in Resources */,
				86F97621234F64A1008E0BE3 /* CategoryItemCellCollectionViewCell.xib in Resources */,
				86CFBED82355EB11002F3B7C /* AssuredCollectionViewCell.xib in Resources */,
				865FB5BD234DAC2300670BEE /* Main.storyboard in Resources */,
			);
			runOnlyForDeploymentPostprocessing = 0;
		};
/* End PBXResourcesBuildPhase section */

/* Begin PBXSourcesBuildPhase section */
		865FB5AE234DAC2300670BEE /* Sources */ = {
			isa = PBXSourcesBuildPhase;
			buildActionMask = 2147483647;
			files = (
				86D037202359FA52009F39EE /* AdsTabsType.swift in Sources */,
				86999B382355F1D200E2797C /* HomeCellType.swift in Sources */,
				86999B3A2355FC5E00E2797C /* Assured.swift in Sources */,
				86CFBED72355EB11002F3B7C /* AssuredCollectionViewCell.swift in Sources */,
				86D037182359E2B3009F39EE /* AdsTabCollectionViewCell.swift in Sources */,
				86D037132359D619009F39EE /* AdsTableViewCell.swift in Sources */,
				861D3DBD2354A8C400EA0075 /* Data.swift in Sources */,
				865FB5BA234DAC2300670BEE /* ViewController.swift in Sources */,
				86F9761C234F6404008E0BE3 /* CategoriesTableViewCell.swift in Sources */,
				86D0371D2359F8B9009F39EE /* AdsTabPageCollectionViewCell.swift in Sources */,
				865FB5B6234DAC2300670BEE /* AppDelegate.swift in Sources */,
				865FB5B8234DAC2300670BEE /* SceneDelegate.swift in Sources */,
				86F97620234F64A1008E0BE3 /* CategoryItemCellCollectionViewCell.swift in Sources */,
				861D3DBB2354A82000EA0075 /* Category.swift in Sources */,
			);
			runOnlyForDeploymentPostprocessing = 0;
		};
/* End PBXSourcesBuildPhase section */

/* Begin PBXVariantGroup section */
		865FB5BB234DAC2300670BEE /* Main.storyboard */ = {
			isa = PBXVariantGroup;
			children = (
				865FB5BC234DAC2300670BEE /* Base */,
			);
			name = Main.storyboard;
			sourceTree = "<group>";
		};
		865FB5C0234DAC2500670BEE /* LaunchScreen.storyboard */ = {
			isa = PBXVariantGroup;
			children = (
				865FB5C1234DAC2500670BEE /* Base */,
			);
			name = LaunchScreen.storyboard;
			sourceTree = "<group>";
		};
/* End PBXVariantGroup section */

/* Begin XCBuildConfiguration section */
		865FB5C4234DAC2500670BEE /* Debug */ = {
			isa = XCBuildConfiguration;
			buildSettings = {
				ALWAYS_SEARCH_USER_PATHS = NO;
				CLANG_ANALYZER_NONNULL = YES;
				CLANG_ANALYZER_NUMBER_OBJECT_CONVERSION = YES_AGGRESSIVE;
				CLANG_CXX_LANGUAGE_STANDARD = "gnu++14";
				CLANG_CXX_LIBRARY = "libc++";
				CLANG_ENABLE_MODULES = YES;
				CLANG_ENABLE_OBJC_ARC = YES;
				CLANG_ENABLE_OBJC_WEAK = YES;
				CLANG_WARN_BLOCK_CAPTURE_AUTORELEASING = YES;
				CLANG_WARN_BOOL_CONVERSION = YES;
				CLANG_WARN_COMMA = YES;
				CLANG_WARN_CONSTANT_CONVERSION = YES;
				CLANG_WARN_DEPRECATED_OBJC_IMPLEMENTATIONS = YES;
				CLANG_WARN_DIRECT_OBJC_ISA_USAGE = YES_ERROR;
				CLANG_WARN_DOCUMENTATION_COMMENTS = YES;
				CLANG_WARN_EMPTY_BODY = YES;
				CLANG_WARN_ENUM_CONVERSION = YES;
				CLANG_WARN_INFINITE_RECURSION = YES;
				CLANG_WARN_INT_CONVERSION = YES;
				CLANG_WARN_NON_LITERAL_NULL_CONVERSION = YES;
				CLANG_WARN_OBJC_IMPLICIT_RETAIN_SELF = YES;
				CLANG_WARN_OBJC_LITERAL_CONVERSION = YES;
				CLANG_WARN_OBJC_ROOT_CLASS = YES_ERROR;
				CLANG_WARN_RANGE_LOOP_ANALYSIS = YES;
				CLANG_WARN_STRICT_PROTOTYPES = YES;
				CLANG_WARN_SUSPICIOUS_MOVE = YES;
				CLANG_WARN_UNGUARDED_AVAILABILITY = YES_AGGRESSIVE;
				CLANG_WARN_UNREACHABLE_CODE = YES;
				CLANG_WARN__DUPLICATE_METHOD_MATCH = YES;
				COPY_PHASE_STRIP = NO;
				DEBUG_INFORMATION_FORMAT = dwarf;
				ENABLE_STRICT_OBJC_MSGSEND = YES;
				ENABLE_TESTABILITY = YES;
				GCC_C_LANGUAGE_STANDARD = gnu11;
				GCC_DYNAMIC_NO_PIC = NO;
				GCC_NO_COMMON_BLOCKS = YES;
				GCC_OPTIMIZATION_LEVEL = 0;
				GCC_PREPROCESSOR_DEFINITIONS = (
					"DEBUG=1",
					"$(inherited)",
				);
				GCC_WARN_64_TO_32_BIT_CONVERSION = YES;
				GCC_WARN_ABOUT_RETURN_TYPE = YES_ERROR;
				GCC_WARN_UNDECLARED_SELECTOR = YES;
				GCC_WARN_UNINITIALIZED_AUTOS = YES_AGGRESSIVE;
				GCC_WARN_UNUSED_FUNCTION = YES;
				GCC_WARN_UNUSED_VARIABLE = YES;
				IPHONEOS_DEPLOYMENT_TARGET = 13.0;
				MTL_ENABLE_DEBUG_INFO = INCLUDE_SOURCE;
				MTL_FAST_MATH = YES;
				ONLY_ACTIVE_ARCH = YES;
				SDKROOT = iphoneos;
				SWIFT_ACTIVE_COMPILATION_CONDITIONS = DEBUG;
				SWIFT_OPTIMIZATION_LEVEL = "-Onone";
			};
			name = Debug;
		};
		865FB5C5234DAC2500670BEE /* Release */ = {
			isa = XCBuildConfiguration;
			buildSettings = {
				ALWAYS_SEARCH_USER_PATHS = NO;
				CLANG_ANALYZER_NONNULL = YES;
				CLANG_ANALYZER_NUMBER_OBJECT_CONVERSION = YES_AGGRESSIVE;
				CLANG_CXX_LANGUAGE_STANDARD = "gnu++14";
				CLANG_CXX_LIBRARY = "libc++";
				CLANG_ENABLE_MODULES = YES;
				CLANG_ENABLE_OBJC_ARC = YES;
				CLANG_ENABLE_OBJC_WEAK = YES;
				CLANG_WARN_BLOCK_CAPTURE_AUTORELEASING = YES;
				CLANG_WARN_BOOL_CONVERSION = YES;
				CLANG_WARN_COMMA = YES;
				CLANG_WARN_CONSTANT_CONVERSION = YES;
				CLANG_WARN_DEPRECATED_OBJC_IMPLEMENTATIONS = YES;
				CLANG_WARN_DIRECT_OBJC_ISA_USAGE = YES_ERROR;
				CLANG_WARN_DOCUMENTATION_COMMENTS = YES;
				CLANG_WARN_EMPTY_BODY = YES;
				CLANG_WARN_ENUM_CONVERSION = YES;
				CLANG_WARN_INFINITE_RECURSION = YES;
				CLANG_WARN_INT_CONVERSION = YES;
				CLANG_WARN_NON_LITERAL_NULL_CONVERSION = YES;
				CLANG_WARN_OBJC_IMPLICIT_RETAIN_SELF = YES;
				CLANG_WARN_OBJC_LITERAL_CONVERSION = YES;
				CLANG_WARN_OBJC_ROOT_CLASS = YES_ERROR;
				CLANG_WARN_RANGE_LOOP_ANALYSIS = YES;
				CLANG_WARN_STRICT_PROTOTYPES = YES;
				CLANG_WARN_SUSPICIOUS_MOVE = YES;
				CLANG_WARN_UNGUARDED_AVAILABILITY = YES_AGGRESSIVE;
				CLANG_WARN_UNREACHABLE_CODE = YES;
				CLANG_WARN__DUPLICATE_METHOD_MATCH = YES;
				COPY_PHASE_STRIP = NO;
				DEBUG_INFORMATION_FORMAT = "dwarf-with-dsym";
				ENABLE_NS_ASSERTIONS = NO;
				ENABLE_STRICT_OBJC_MSGSEND = YES;
				GCC_C_LANGUAGE_STANDARD = gnu11;
				GCC_NO_COMMON_BLOCKS = YES;
				GCC_WARN_64_TO_32_BIT_CONVERSION = YES;
				GCC_WARN_ABOUT_RETURN_TYPE = YES_ERROR;
				GCC_WARN_UNDECLARED_SELECTOR = YES;
				GCC_WARN_UNINITIALIZED_AUTOS = YES_AGGRESSIVE;
				GCC_WARN_UNUSED_FUNCTION = YES;
				GCC_WARN_UNUSED_VARIABLE = YES;
				IPHONEOS_DEPLOYMENT_TARGET = 13.0;
				MTL_ENABLE_DEBUG_INFO = NO;
				MTL_FAST_MATH = YES;
				SDKROOT = iphoneos;
				SWIFT_COMPILATION_MODE = wholemodule;
				SWIFT_OPTIMIZATION_LEVEL = "-O";
				VALIDATE_PRODUCT = YES;
			};
			name = Release;
		};
		865FB5C7234DAC2500670BEE /* Debug */ = {
			isa = XCBuildConfiguration;
			buildSettings = {
				ASSETCATALOG_COMPILER_APPICON_NAME = AppIcon;
				CODE_SIGN_STYLE = Automatic;
				DEVELOPMENT_TEAM = 3Q4R6U76B4;
				INFOPLIST_FILE = SellIT/Info.plist;
				LD_RUNPATH_SEARCH_PATHS = (
					"$(inherited)",
					"@executable_path/Frameworks",
				);
				PRODUCT_BUNDLE_IDENTIFIER = com.myteam.SellIT;
				PRODUCT_NAME = "$(TARGET_NAME)";
				SWIFT_VERSION = 5.0;
				TARGETED_DEVICE_FAMILY = 1;
			};
			name = Debug;
		};
		865FB5C8234DAC2500670BEE /* Release */ = {
			isa = XCBuildConfiguration;
			buildSettings = {
				ASSETCATALOG_COMPILER_APPICON_NAME = AppIcon;
				CODE_SIGN_STYLE = Automatic;
				DEVELOPMENT_TEAM = 3Q4R6U76B4;
				INFOPLIST_FILE = SellIT/Info.plist;
				LD_RUNPATH_SEARCH_PATHS = (
					"$(inherited)",
					"@executable_path/Frameworks",
				);
				PRODUCT_BUNDLE_IDENTIFIER = com.myteam.SellIT;
				PRODUCT_NAME = "$(TARGET_NAME)";
				SWIFT_VERSION = 5.0;
				TARGETED_DEVICE_FAMILY = 1;
			};
			name = Release;
		};
/* End XCBuildConfiguration section */

/* Begin XCConfigurationList section */
		865FB5AD234DAC2300670BEE /* Build configuration list for PBXProject "SellIT" */ = {
			isa = XCConfigurationList;
			buildConfigurations = (
				865FB5C4234DAC2500670BEE /* Debug */,
				865FB5C5234DAC2500670BEE /* Release */,
			);
			defaultConfigurationIsVisible = 0;
			defaultConfigurationName = Release;
		};
		865FB5C6234DAC2500670BEE /* Build configuration list for PBXNativeTarget "SellIT" */ = {
			isa = XCConfigurationList;
			buildConfigurations = (
				865FB5C7234DAC2500670BEE /* Debug */,
				865FB5C8234DAC2500670BEE /* Release */,
			);
			defaultConfigurationIsVisible = 0;
			defaultConfigurationName = Release;
		};
/* End XCConfigurationList section */
	};
	rootObject = 865FB5AA234DAC2300670BEE /* Project object */;
}
